
Microsoft Visual Studio Solution File, Format Version 12.00
Project("{FAE04EC0-301F-11D3-BF4B-00C04F79EFBC}") = "Consumer", "Consumer\Consumer.csproj", "{04702F36-12B5-4246-926C-1371F8FECBE4}"
EndProject
Project("{FAE04EC0-301F-11D3-BF4B-00C04F79EFBC}") = "Common", "Common\Common.csproj", "{0EF95498-008E-4FD1-912C-3BB16C291BED}"
EndProject
Global
	GlobalSection(SolutionConfigurationPlatforms) = preSolution
		Debug|Any CPU = Debug|Any CPU
		Release|Any CPU = Release|Any CPU
	EndGlobalSection
	GlobalSection(ProjectConfigurationPlatforms) = postSolution
		{04702F36-12B5-4246-926C-1371F8FECBE4}.Debug|Any CPU.ActiveCfg = Debug|Any CPU
		{04702F36-12B5-4246-926C-1371F8FECBE4}.Debug|Any CPU.Build.0 = Debug|Any CPU
		{04702F36-12B5-4246-926C-1371F8FECBE4}.Release|Any CPU.ActiveCfg = Release|Any CPU
		{04702F36-12B5-4246-926C-1371F8FECBE4}.Release|Any CPU.Build.0 = Release|Any CPU
		{0EF95498-008E-4FD1-912C-3BB16C291BED}.Debug|Any CPU.ActiveCfg = Debug|Any CPU
		{0EF95498-008E-4FD1-912C-3BB16C291BED}.Debug|Any CPU.Build.0 = Debug|Any CPU
		{0EF95498-008E-4FD1-912C-3BB16C291BED}.Release|Any CPU.ActiveCfg = Release|Any CPU
		{0EF95498-008E-4FD1-912C-3BB16C291BED}.Release|Any CPU.Build.0 = Release|Any CPU
	EndGlobalSection
EndGlobal
